
Microsoft Visual Studio Solution File, Format Version 12.00
# Visual Studio Version 17
VisualStudioVersion = 17.6.33815.320
MinimumVisualStudioVersion = 10.0.40219.1
Project("{FAE04EC0-301F-11D3-BF4B-00C04F79EFBC}") = "Ass2", "Ass2\Ass2.csproj", "{777FEB72-0C36-484B-8257-3DE9D2146879}"
EndProject
Global
	GlobalSection(SolutionConfigurationPlatforms) = preSolution
		Debug|Any CPU = Debug|Any CPU
		Release|Any CPU = Release|Any CPU
	EndGlobalSection
	GlobalSection(ProjectConfigurationPlatforms) = postSolution
		{777FEB72-0C36-484B-8257-3DE9D2146879}.Debug|Any CPU.ActiveCfg = Debug|Any CPU
		{777FEB72-0C36-484B-8257-3DE9D2146879}.Debug|Any CPU.Build.0 = Debug|Any CPU
		{777FEB72-0C36-484B-8257-3DE9D2146879}.Release|Any CPU.ActiveCfg = Release|Any CPU
		{777FEB72-0C36-484B-8257-3DE9D2146879}.Release|Any CPU.Build.0 = Release|Any CPU
	EndGlobalSection
	GlobalSection(SolutionProperties) = preSolution
		HideSolutionNode = FALSE
	EndGlobalSection
	GlobalSection(ExtensibilityGlobals) = postSolution
		SolutionGuid = {88407172-3F4A-4DD0-A121-DE173076AC3E}
	EndGlobalSection
EndGlobal
