
Microsoft Visual Studio Solution File, Format Version 12.00
# Visual Studio Version 17
VisualStudioVersion = 17.6.33815.320
MinimumVisualStudioVersion = 10.0.40219.1
Project("{FAE04EC0-301F-11D3-BF4B-00C04F79EFBC}") = "Nunit", "Nunit\Nunit.csproj", "{58551FD2-9B26-418F-99CB-0EA6C4688643}"
EndProject
Global
	GlobalSection(SolutionConfigurationPlatforms) = preSolution
		Debug|Any CPU = Debug|Any CPU
		Release|Any CPU = Release|Any CPU
	EndGlobalSection
	GlobalSection(ProjectConfigurationPlatforms) = postSolution
		{58551FD2-9B26-418F-99CB-0EA6C4688643}.Debug|Any CPU.ActiveCfg = Debug|Any CPU
		{58551FD2-9B26-418F-99CB-0EA6C4688643}.Debug|Any CPU.Build.0 = Debug|Any CPU
		{58551FD2-9B26-418F-99CB-0EA6C4688643}.Release|Any CPU.ActiveCfg = Release|Any CPU
		{58551FD2-9B26-418F-99CB-0EA6C4688643}.Release|Any CPU.Build.0 = Release|Any CPU
	EndGlobalSection
	GlobalSection(SolutionProperties) = preSolution
		HideSolutionNode = FALSE
	EndGlobalSection
	GlobalSection(ExtensibilityGlobals) = postSolution
		SolutionGuid = {81AFB2E9-7237-4AB9-AD49-C685F47ED039}
	EndGlobalSection
EndGlobal
